
Microsoft Visual Studio Solution File, Format Version 12.00
# Visual Studio 2013
VisualStudioVersion = 12.0.31101.0
MinimumVisualStudioVersion = 10.0.40219.1
Project("{FAE04EC0-301F-11D3-BF4B-00C04F79EFBC}") = "Demo.CodeFirst", "Demo.CodeFirst.csproj", "{34C11011-0B91-448D-95AD-E6DA8E950560}"
EndProject
Project("{FAE04EC0-301F-11D3-BF4B-00C04F79EFBC}") = "Demo.Infrastructure", "..\Demo.Infrastructure\Demo.Infrastructure.csproj", "{A04299E3-38B7-484C-9106-165E62D90195}"
EndProject
Global
	GlobalSection(SolutionConfigurationPlatforms) = preSolution
		Debug|Any CPU = Debug|Any CPU
		Release|Any CPU = Release|Any CPU
	EndGlobalSection
	GlobalSection(ProjectConfigurationPlatforms) = postSolution
		{34C11011-0B91-448D-95AD-E6DA8E950560}.Debug|Any CPU.ActiveCfg = Debug|Any CPU
		{34C11011-0B91-448D-95AD-E6DA8E950560}.Debug|Any CPU.Build.0 = Debug|Any CPU
		{34C11011-0B91-448D-95AD-E6DA8E950560}.Release|Any CPU.ActiveCfg = Release|Any CPU
		{34C11011-0B91-448D-95AD-E6DA8E950560}.Release|Any CPU.Build.0 = Release|Any CPU
		{A04299E3-38B7-484C-9106-165E62D90195}.Debug|Any CPU.ActiveCfg = Debug|Any CPU
		{A04299E3-38B7-484C-9106-165E62D90195}.Debug|Any CPU.Build.0 = Debug|Any CPU
		{A04299E3-38B7-484C-9106-165E62D90195}.Release|Any CPU.ActiveCfg = Release|Any CPU
		{A04299E3-38B7-484C-9106-165E62D90195}.Release|Any CPU.Build.0 = Release|Any CPU
	EndGlobalSection
	GlobalSection(SolutionProperties) = preSolution
		HideSolutionNode = FALSE
	EndGlobalSection
EndGlobal
